
Microsoft Visual Studio Solution File, Format Version 12.00
# Visual Studio Version 16
VisualStudioVersion = 16.0.32510.428
MinimumVisualStudioVersion = 10.0.40219.1
Project("{FAE04EC0-301F-11D3-BF4B-00C04F79EFBC}") = "AutonomousShipyard", "AutonomousShipyard\AutonomousShipyard.csproj", "{1F966336-930A-4CB8-B460-B1D1B3D45D01}"
EndProject
Global
	GlobalSection(SolutionConfigurationPlatforms) = preSolution
		Debug|Any CPU = Debug|Any CPU
		Release|Any CPU = Release|Any CPU
	EndGlobalSection
	GlobalSection(ProjectConfigurationPlatforms) = postSolution
		{1F966336-930A-4CB8-B460-B1D1B3D45D01}.Debug|Any CPU.ActiveCfg = Debug|Any CPU
		{1F966336-930A-4CB8-B460-B1D1B3D45D01}.Debug|Any CPU.Build.0 = Debug|Any CPU
		{1F966336-930A-4CB8-B460-B1D1B3D45D01}.Release|Any CPU.ActiveCfg = Release|Any CPU
		{1F966336-930A-4CB8-B460-B1D1B3D45D01}.Release|Any CPU.Build.0 = Release|Any CPU
	EndGlobalSection
	GlobalSection(SolutionProperties) = preSolution
		HideSolutionNode = FALSE
	EndGlobalSection
	GlobalSection(ExtensibilityGlobals) = postSolution
		SolutionGuid = {D26B1666-432C-449B-85A3-A420CB8C6F18}
	EndGlobalSection
EndGlobal
